
Microsoft Visual Studio Solution File, Format Version 12.00
# Visual Studio Version 17
VisualStudioVersion = 17.0.32126.317
MinimumVisualStudioVersion = 10.0.40219.1
Project("{FAE04EC0-301F-11D3-BF4B-00C04F79EFBC}") = "OOPSProject", "OOPSProject.csproj", "{548B01CA-842B-4E1F-88D3-5B90AD341CA3}"
EndProject
Global
	GlobalSection(SolutionConfigurationPlatforms) = preSolution
		Debug|Any CPU = Debug|Any CPU
		Release|Any CPU = Release|Any CPU
	EndGlobalSection
	GlobalSection(ProjectConfigurationPlatforms) = postSolution
		{548B01CA-842B-4E1F-88D3-5B90AD341CA3}.Debug|Any CPU.ActiveCfg = Debug|Any CPU
		{548B01CA-842B-4E1F-88D3-5B90AD341CA3}.Debug|Any CPU.Build.0 = Debug|Any CPU
		{548B01CA-842B-4E1F-88D3-5B90AD341CA3}.Release|Any CPU.ActiveCfg = Release|Any CPU
		{548B01CA-842B-4E1F-88D3-5B90AD341CA3}.Release|Any CPU.Build.0 = Release|Any CPU
	EndGlobalSection
	GlobalSection(SolutionProperties) = preSolution
		HideSolutionNode = FALSE
	EndGlobalSection
	GlobalSection(ExtensibilityGlobals) = postSolution
		SolutionGuid = {C86ADF43-11E4-4419-93BD-DB42013D20EB}
	EndGlobalSection
EndGlobal
